// !$*UTF8*$!
{
	archiveVersion = 1;
	classes = {
	};
	objectVersion = 46;
	objects = {

/* Begin PBXBuildFile section */
		1006D7691BB4DD8000D877F6 /* CalendarDetailViewController.m in Sources */ = {isa = PBXBuildFile; fileRef = 1006D7681BB4DD8000D877F6 /* CalendarDetailViewController.m */; settings = {ASSET_TAGS = (); }; };
		1033BB851B5BA8470021BC92 /* main.m in Sources */ = {isa = PBXBuildFile; fileRef = 1033BB841B5BA8470021BC92 /* main.m */; };
		1033BB881B5BA8470021BC92 /* AppDelegate.m in Sources */ = {isa = PBXBuildFile; fileRef = 1033BB871B5BA8470021BC92 /* AppDelegate.m */; };
		1033BB8B1B5BA8470021BC92 /* MasterViewController.m in Sources */ = {isa = PBXBuildFile; fileRef = 1033BB8A1B5BA8470021BC92 /* MasterViewController.m */; };
		1033BB8E1B5BA8480021BC92 /* DetailViewController.m in Sources */ = {isa = PBXBuildFile; fileRef = 1033BB8D1B5BA8480021BC92 /* DetailViewController.m */; };
		1033BB911B5BA8480021BC92 /* Main.storyboard in Resources */ = {isa = PBXBuildFile; fileRef = 1033BB8F1B5BA8480021BC92 /* Main.storyboard */; };
		1033BB931B5BA8480021BC92 /* Images.xcassets in Resources */ = {isa = PBXBuildFile; fileRef = 1033BB921B5BA8480021BC92 /* Images.xcassets */; };
		1033BB961B5BA8480021BC92 /* LaunchScreen.xib in Resources */ = {isa = PBXBuildFile; fileRef = 1033BB941B5BA8480021BC92 /* LaunchScreen.xib */; };
		1033BBA21B5BA8480021BC92 /* FarEasternUTests.m in Sources */ = {isa = PBXBuildFile; fileRef = 1033BBA11B5BA8480021BC92 /* FarEasternUTests.m */; };
		1033BBAF1B5C70830021BC92 /* CorseViewController.m in Sources */ = {isa = PBXBuildFile; fileRef = 1033BBAE1B5C70830021BC92 /* CorseViewController.m */; };
		1033BBB21B5C709D0021BC92 /* ApplyViewController.m in Sources */ = {isa = PBXBuildFile; fileRef = 1033BBB11B5C709D0021BC92 /* ApplyViewController.m */; };
		1033BBB51B5C70A70021BC92 /* NewsViewController.m in Sources */ = {isa = PBXBuildFile; fileRef = 1033BBB41B5C70A70021BC92 /* NewsViewController.m */; };
		1033BBBA1B5C70C20021BC92 /* ActivityViewController.m in Sources */ = {isa = PBXBuildFile; fileRef = 1033BBB91B5C70C20021BC92 /* ActivityViewController.m */; };
		1033BBBD1B5C70CC0021BC92 /* ContactViewController.m in Sources */ = {isa = PBXBuildFile; fileRef = 1033BBBC1B5C70CC0021BC92 /* ContactViewController.m */; };
		1033BBD11B5C73200021BC92 /* ThaiSansNeue-Black.ttf in Resources */ = {isa = PBXBuildFile; fileRef = 1033BBBF1B5C73200021BC92 /* ThaiSansNeue-Black.ttf */; };
		1033BBD21B5C73200021BC92 /* ThaiSansNeue-SemiBoldItalic.ttf in Resources */ = {isa = PBXBuildFile; fileRef = 1033BBC01B5C73200021BC92 /* ThaiSansNeue-SemiBoldItalic.ttf */; };
		1033BBD31B5C73200021BC92 /* ThaiSansNeue-SemiBold.ttf in Resources */ = {isa = PBXBuildFile; fileRef = 1033BBC11B5C73200021BC92 /* ThaiSansNeue-SemiBold.ttf */; };
		1033BBD41B5C73200021BC92 /* ThaiSansNeue-UltraBoldItali.ttf in Resources */ = {isa = PBXBuildFile; fileRef = 1033BBC21B5C73200021BC92 /* ThaiSansNeue-UltraBoldItali.ttf */; };
		1033BBD51B5C73200021BC92 /* ThaiSansNeue-UltraBold.ttf in Resources */ = {isa = PBXBuildFile; fileRef = 1033BBC31B5C73200021BC92 /* ThaiSansNeue-UltraBold.ttf */; };
		1033BBD61B5C73200021BC92 /* ThaiSansNeue-ExtraBoldItali.ttf in Resources */ = {isa = PBXBuildFile; fileRef = 1033BBC41B5C73200021BC92 /* ThaiSansNeue-ExtraBoldItali.ttf */; };
		1033BBD71B5C73200021BC92 /* ThaiSansNeue-ExtraBold.ttf in Resources */ = {isa = PBXBuildFile; fileRef = 1033BBC51B5C73200021BC92 /* ThaiSansNeue-ExtraBold.ttf */; };
		1033BBD81B5C73200021BC92 /* ThaiSansNeue-BoldItalic.ttf in Resources */ = {isa = PBXBuildFile; fileRef = 1033BBC61B5C73200021BC92 /* ThaiSansNeue-BoldItalic.ttf */; };
		1033BBD91B5C73200021BC92 /* ThaiSansNeue-Bold.ttf in Resources */ = {isa = PBXBuildFile; fileRef = 1033BBC71B5C73200021BC92 /* ThaiSansNeue-Bold.ttf */; };
		1033BBDA1B5C73200021BC92 /* ThaiSansNeue-BlackItalic.ttf in Resources */ = {isa = PBXBuildFile; fileRef = 1033BBC81B5C73200021BC92 /* ThaiSansNeue-BlackItalic.ttf */; };
		1033BBDB1B5C73200021BC92 /* ThaiSansNeue-UltraLightItal.ttf in Resources */ = {isa = PBXBuildFile; fileRef = 1033BBC91B5C73200021BC92 /* ThaiSansNeue-UltraLightItal.ttf */; };
		1033BBDC1B5C73200021BC92 /* ThaiSansNeue-UltraLight.ttf in Resources */ = {isa = PBXBuildFile; fileRef = 1033BBCA1B5C73200021BC92 /* ThaiSansNeue-UltraLight.ttf */; };
		1033BBDD1B5C73200021BC92 /* ThaiSansNeue-ExtraLightItal.ttf in Resources */ = {isa = PBXBuildFile; fileRef = 1033BBCB1B5C73200021BC92 /* ThaiSansNeue-ExtraLightItal.ttf */; };
		1033BBDE1B5C73200021BC92 /* ThaiSansNeue-ExtraLight.ttf in Resources */ = {isa = PBXBuildFile; fileRef = 1033BBCC1B5C73200021BC92 /* ThaiSansNeue-ExtraLight.ttf */; };
		1033BBDF1B5C73200021BC92 /* ThaiSansNeue-LightItalic.ttf in Resources */ = {isa = PBXBuildFile; fileRef = 1033BBCD1B5C73200021BC92 /* ThaiSansNeue-LightItalic.ttf */; };
		1033BBE01B5C73200021BC92 /* ThaiSansNeue-Italic.ttf in Resources */ = {isa = PBXBuildFile; fileRef = 1033BBCE1B5C73200021BC92 /* ThaiSansNeue-Italic.ttf */; };
		1033BBE11B5C73200021BC92 /* ThaiSansNeue-Light.ttf in Resources */ = {isa = PBXBuildFile; fileRef = 1033BBCF1B5C73200021BC92 /* ThaiSansNeue-Light.ttf */; };
		1033BBE21B5C73200021BC92 /* ThaiSansNeue-Regular.ttf in Resources */ = {isa = PBXBuildFile; fileRef = 1033BBD01B5C73200021BC92 /* ThaiSansNeue-Regular.ttf */; };
		10403C7A1BA56FAF00D97276 /* NewsDetailsViewController.m in Sources */ = {isa = PBXBuildFile; fileRef = 10403C791BA56FAF00D97276 /* NewsDetailsViewController.m */; };
		106921BD1BA1D2EF0065585E /* CalendarViewController.m in Sources */ = {isa = PBXBuildFile; fileRef = 106921BC1BA1D2EF0065585E /* CalendarViewController.m */; };
		106921C01BA1D3580065585E /* CalendarTableViewCell.m in Sources */ = {isa = PBXBuildFile; fileRef = 106921BF1BA1D3580065585E /* CalendarTableViewCell.m */; };
		1076C9111B7B94AE000F7ACF /* StepOneViewController.m in Sources */ = {isa = PBXBuildFile; fileRef = 1076C9101B7B94AE000F7ACF /* StepOneViewController.m */; };
		1076C9141B7B9692000F7ACF /* StepTwoViewController.m in Sources */ = {isa = PBXBuildFile; fileRef = 1076C9131B7B9692000F7ACF /* StepTwoViewController.m */; };
		1076C9171B7B969F000F7ACF /* StepThreeViewController.m in Sources */ = {isa = PBXBuildFile; fileRef = 1076C9161B7B969F000F7ACF /* StepThreeViewController.m */; };
		1076C91A1B7B96AC000F7ACF /* StepFourViewController.m in Sources */ = {isa = PBXBuildFile; fileRef = 1076C9191B7B96AC000F7ACF /* StepFourViewController.m */; };
		1076C91D1B7B96CB000F7ACF /* StepFiveViewController.m in Sources */ = {isa = PBXBuildFile; fileRef = 1076C91C1B7B96CB000F7ACF /* StepFiveViewController.m */; };
		1076C9201B7B96D7000F7ACF /* StepSixViewController.m in Sources */ = {isa = PBXBuildFile; fileRef = 1076C91F1B7B96D7000F7ACF /* StepSixViewController.m */; };
		1076C9231B7B96E6000F7ACF /* StepSevenViewController.m in Sources */ = {isa = PBXBuildFile; fileRef = 1076C9221B7B96E6000F7ACF /* StepSevenViewController.m */; };
		1076C9261B7BB1A4000F7ACF /* StepApplyViewController.m in Sources */ = {isa = PBXBuildFile; fileRef = 1076C9251B7BB1A4000F7ACF /* StepApplyViewController.m */; };
		1087B9831BA4417800367652 /* NewsOneViewController.m in Sources */ = {isa = PBXBuildFile; fileRef = 1087B9821BA4417800367652 /* NewsOneViewController.m */; };
		1087B9861BA4418500367652 /* NewsTwoViewController.m in Sources */ = {isa = PBXBuildFile; fileRef = 1087B9851BA4418500367652 /* NewsTwoViewController.m */; };
		1087B9891BA4419400367652 /* NewsThreeViewController.m in Sources */ = {isa = PBXBuildFile; fileRef = 1087B9881BA4419400367652 /* NewsThreeViewController.m */; };
		109139681B72CEB700269DAD /* ALCustomColoredAccessory.m in Sources */ = {isa = PBXBuildFile; fileRef = 109139671B72CEB700269DAD /* ALCustomColoredAccessory.m */; };
		1091396B1B72E02200269DAD /* CourseDetailViewController.m in Sources */ = {isa = PBXBuildFile; fileRef = 1091396A1B72E02200269DAD /* CourseDetailViewController.m */; };
		1091396E1B72E3F400269DAD /* CourseMajorDetailViewController.m in Sources */ = {isa = PBXBuildFile; fileRef = 1091396D1B72E3F400269DAD /* CourseMajorDetailViewController.m */; };
		10A53DBD1B94AD7D00F88DB5 /* NewsEventTableViewCell.m in Sources */ = {isa = PBXBuildFile; fileRef = 10A53DBC1B94AD7D00F88DB5 /* NewsEventTableViewCell.m */; };
		10B936951BBEEE29001F3B14 /* Fabric.framework in Frameworks */ = {isa = PBXBuildFile; fileRef = 10B936931BBEEE29001F3B14 /* Fabric.framework */; settings = {ASSET_TAGS = (); }; };
		10B936961BBEEE29001F3B14 /* Crashlytics.framework in Frameworks */ = {isa = PBXBuildFile; fileRef = 10B936941BBEEE29001F3B14 /* Crashlytics.framework */; settings = {ASSET_TAGS = (); }; };
		10D43F1B1BBE047800FB826C /* contact.html in Resources */ = {isa = PBXBuildFile; fileRef = 10D43F1A1BBE047800FB826C /* contact.html */; settings = {ASSET_TAGS = (); }; };
		10F542D71B7965BD0044508C /* nitate.jpg in Resources */ = {isa = PBXBuildFile; fileRef = 10F542D61B7965BD0044508C /* nitate.jpg */; };
		10F542ED1B7965E30044508C /* accounting.jpg in Resources */ = {isa = PBXBuildFile; fileRef = 10F542E61B7965E30044508C /* accounting.jpg */; };
		10F542EE1B7965E30044508C /* computer.jpg in Resources */ = {isa = PBXBuildFile; fileRef = 10F542E71B7965E30044508C /* computer.jpg */; };
		10F542EF1B7965E30044508C /* coop.jpg in Resources */ = {isa = PBXBuildFile; fileRef = 10F542E81B7965E30044508C /* coop.jpg */; };
		10F542F01B7965E30044508C /* im.jpg in Resources */ = {isa = PBXBuildFile; fileRef = 10F542E91B7965E30044508C /* im.jpg */; };
		10F542F11B7965E30044508C /* management.jpg in Resources */ = {isa = PBXBuildFile; fileRef = 10F542EA1B7965E30044508C /* management.jpg */; };
		10F542F21B7965E30044508C /* marketing.jpg in Resources */ = {isa = PBXBuildFile; fileRef = 10F542EB1B7965E30044508C /* marketing.jpg */; };
		10F542F31B7965E30044508C /* tourism.jpg in Resources */ = {isa = PBXBuildFile; fileRef = 10F542EC1B7965E30044508C /* tourism.jpg */; };
		10F542F51B7965EE0044508C /* rps.jpg in Resources */ = {isa = PBXBuildFile; fileRef = 10F542F41B7965EE0044508C /* rps.jpg */; };
		10F542F71B7966340044508C /* science.jpg in Resources */ = {isa = PBXBuildFile; fileRef = 10F542F61B7966340044508C /* science.jpg */; };
		10F542FB1B79663C0044508C /* business_chineses.jpg in Resources */ = {isa = PBXBuildFile; fileRef = 10F542F81B79663C0044508C /* business_chineses.jpg */; };
		10F542FC1B79663C0044508C /* business_eng.jpg in Resources */ = {isa = PBXBuildFile; fileRef = 10F542F91B79663C0044508C /* business_eng.jpg */; };
		10F542FD1B79663C0044508C /* business_japaneses.jpg in Resources */ = {isa = PBXBuildFile; fileRef = 10F542FA1B79663C0044508C /* business_japaneses.jpg */; };
		10F542FF1B7966420044508C /* ed.jpg in Resources */ = {isa = PBXBuildFile; fileRef = 10F542FE1B7966420044508C /* ed.jpg */; };
		10F543011B79664F0044508C /* accounting.html in Resources */ = {isa = PBXBuildFile; fileRef = 10F543001B79664F0044508C /* accounting.html */; };
		10F543031B796C810044508C /* ed.html in Resources */ = {isa = PBXBuildFile; fileRef = 10F543021B796C810044508C /* ed.html */; };
		10F543071B796C8E0044508C /* business_japaneses.html in Resources */ = {isa = PBXBuildFile; fileRef = 10F543041B796C8E0044508C /* business_japaneses.html */; };
		10F543081B796C8E0044508C /* business_chineses.html in Resources */ = {isa = PBXBuildFile; fileRef = 10F543051B796C8E0044508C /* business_chineses.html */; };
		10F543091B796C8E0044508C /* business_eng.html in Resources */ = {isa = PBXBuildFile; fileRef = 10F543061B796C8E0044508C /* business_eng.html */; };
		10F5430C1B796C9C0044508C /* geo.html in Resources */ = {isa = PBXBuildFile; fileRef = 10F5430A1B796C9C0044508C /* geo.html */; };
		10F5430D1B796C9C0044508C /* it.html in Resources */ = {isa = PBXBuildFile; fileRef = 10F5430B1B796C9C0044508C /* it.html */; };
		10F5430F1B796CAB0044508C /* rps.html in Resources */ = {isa = PBXBuildFile; fileRef = 10F5430E1B796CAB0044508C /* rps.html */; };
		10F543111B796CB60044508C /* nitate.html in Resources */ = {isa = PBXBuildFile; fileRef = 10F543101B796CB60044508C /* nitate.html */; };
		10F543181B796CCF0044508C /* management.html in Resources */ = {isa = PBXBuildFile; fileRef = 10F543121B796CCF0044508C /* management.html */; };
		10F543191B796CCF0044508C /* im.html in Resources */ = {isa = PBXBuildFile; fileRef = 10F543131B796CCF0044508C /* im.html */; };
		10F5431A1B796CCF0044508C /* tourism.html in Resources */ = {isa = PBXBuildFile; fileRef = 10F543141B796CCF0044508C /* tourism.html */; };
		10F5431B1B796CCF0044508C /* coop.html in Resources */ = {isa = PBXBuildFile; fileRef = 10F543151B796CCF0044508C /* coop.html */; };
		10F5431C1B796CCF0044508C /* marketing.html in Resources */ = {isa = PBXBuildFile; fileRef = 10F543161B796CCF0044508C /* marketing.html */; };
		10F5431D1B796CCF0044508C /* computer.html in Resources */ = {isa = PBXBuildFile; fileRef = 10F543171B796CCF0044508C /* computer.html */; };
		10F5431F1B796CF10044508C /* course.plist in Resources */ = {isa = PBXBuildFile; fileRef = 10F5431E1B796CF10044508C /* course.plist */; };
		33A541B790E4438D4B474A73 /* libPods.a in Frameworks */ = {isa = PBXBuildFile; fileRef = 4BA04E74BEB2A4E1EE5B6074 /* libPods.a */; };
/* End PBXBuildFile section */

/* Begin PBXContainerItemProxy section */
		1033BB9C1B5BA8480021BC92 /* PBXContainerItemProxy */ = {
			isa = PBXContainerItemProxy;
			containerPortal = 1033BB771B5BA8470021BC92 /* Project object */;
			proxyType = 1;
			remoteGlobalIDString = 1033BB7E1B5BA8470021BC92;
			remoteInfo = FarEasternU;
		};
/* End PBXContainerItemProxy section */

/* Begin PBXFileReference section */
		1006D7671BB4DD8000D877F6 /* CalendarDetailViewController.h */ = {isa = PBXFileReference; fileEncoding = 4; lastKnownFileType = sourcecode.c.h; path = CalendarDetailViewController.h; sourceTree = "<group>"; };
		1006D7681BB4DD8000D877F6 /* CalendarDetailViewController.m */ = {isa = PBXFileReference; fileEncoding = 4; lastKnownFileType = sourcecode.c.objc; path = CalendarDetailViewController.m; sourceTree = "<group>"; };
		1033BB7F1B5BA8470021BC92 /* FarEasternU.app */ = {isa = PBXFileReference; explicitFileType = wrapper.application; includeInIndex = 0; path = FarEasternU.app; sourceTree = BUILT_PRODUCTS_DIR; };
		1033BB831B5BA8470021BC92 /* Info.plist */ = {isa = PBXFileReference; lastKnownFileType = text.plist.xml; path = Info.plist; sourceTree = "<group>"; };
		1033BB841B5BA8470021BC92 /* main.m */ = {isa = PBXFileReference; lastKnownFileType = sourcecode.c.objc; path = main.m; sourceTree = "<group>"; };
		1033BB861B5BA8470021BC92 /* AppDelegate.h */ = {isa = PBXFileReference; lastKnownFileType = sourcecode.c.h; path = AppDelegate.h; sourceTree = "<group>"; };
		1033BB871B5BA8470021BC92 /* AppDelegate.m */ = {isa = PBXFileReference; lastKnownFileType = sourcecode.c.objc; path = AppDelegate.m; sourceTree = "<group>"; };
		1033BB891B5BA8470021BC92 /* MasterViewController.h */ = {isa = PBXFileReference; lastKnownFileType = sourcecode.c.h; path = MasterViewController.h; sourceTree = "<group>"; };
		1033BB8A1B5BA8470021BC92 /* MasterViewController.m */ = {isa = PBXFileReference; lastKnownFileType = sourcecode.c.objc; path = MasterViewController.m; sourceTree = "<group>"; };
		1033BB8C1B5BA8470021BC92 /* DetailViewController.h */ = {isa = PBXFileReference; lastKnownFileType = sourcecode.c.h; path = DetailViewController.h; sourceTree = "<group>"; };
		1033BB8D1B5BA8480021BC92 /* DetailViewController.m */ = {isa = PBXFileReference; lastKnownFileType = sourcecode.c.objc; path = DetailViewController.m; sourceTree = "<group>"; };
		1033BB901B5BA8480021BC92 /* Base */ = {isa = PBXFileReference; lastKnownFileType = file.storyboard; name = Base; path = Base.lproj/Main.storyboard; sourceTree = "<group>"; };
		1033BB921B5BA8480021BC92 /* Images.xcassets */ = {isa = PBXFileReference; lastKnownFileType = folder.assetcatalog; path = Images.xcassets; sourceTree = "<group>"; };
		1033BB951B5BA8480021BC92 /* Base */ = {isa = PBXFileReference; lastKnownFileType = file.xib; name = Base; path = Base.lproj/LaunchScreen.xib; sourceTree = "<group>"; };
		1033BB9B1B5BA8480021BC92 /* FarEasternUTests.xctest */ = {isa = PBXFileReference; explicitFileType = wrapper.cfbundle; includeInIndex = 0; path = FarEasternUTests.xctest; sourceTree = BUILT_PRODUCTS_DIR; };
		1033BBA01B5BA8480021BC92 /* Info.plist */ = {isa = PBXFileReference; lastKnownFileType = text.plist.xml; path = Info.plist; sourceTree = "<group>"; };
		1033BBA11B5BA8480021BC92 /* FarEasternUTests.m */ = {isa = PBXFileReference; lastKnownFileType = sourcecode.c.objc; path = FarEasternUTests.m; sourceTree = "<group>"; };
		1033BBAD1B5C70830021BC92 /* CorseViewController.h */ = {isa = PBXFileReference; fileEncoding = 4; lastKnownFileType = sourcecode.c.h; path = CorseViewController.h; sourceTree = "<group>"; };
		1033BBAE1B5C70830021BC92 /* CorseViewController.m */ = {isa = PBXFileReference; fileEncoding = 4; lastKnownFileType = sourcecode.c.objc; path = CorseViewController.m; sourceTree = "<group>"; };
		1033BBB01B5C709D0021BC92 /* ApplyViewController.h */ = {isa = PBXFileReference; fileEncoding = 4; lastKnownFileType = sourcecode.c.h; path = ApplyViewController.h; sourceTree = "<group>"; };
		1033BBB11B5C709D0021BC92 /* ApplyViewController.m */ = {isa = PBXFileReference; fileEncoding = 4; lastKnownFileType = sourcecode.c.objc; path = ApplyViewController.m; sourceTree = "<group>"; };
		1033BBB31B5C70A70021BC92 /* NewsViewController.h */ = {isa = PBXFileReference; fileEncoding = 4; lastKnownFileType = sourcecode.c.h; path = NewsViewController.h; sourceTree = "<group>"; };
		1033BBB41B5C70A70021BC92 /* NewsViewController.m */ = {isa = PBXFileReference; fileEncoding = 4; lastKnownFileType = sourcecode.c.objc; path = NewsViewController.m; sourceTree = "<group>"; };
		1033BBB81B5C70C20021BC92 /* ActivityViewController.h */ = {isa = PBXFileReference; fileEncoding = 4; lastKnownFileType = sourcecode.c.h; path = ActivityViewController.h; sourceTree = "<group>"; };
		1033BBB91B5C70C20021BC92 /* ActivityViewController.m */ = {isa = PBXFileReference; fileEncoding = 4; lastKnownFileType = sourcecode.c.objc; path = ActivityViewController.m; sourceTree = "<group>"; };
		1033BBBB1B5C70CC0021BC92 /* ContactViewController.h */ = {isa = PBXFileReference; fileEncoding = 4; lastKnownFileType = sourcecode.c.h; path = ContactViewController.h; sourceTree = "<group>"; };
		1033BBBC1B5C70CC0021BC92 /* ContactViewController.m */ = {isa = PBXFileReference; fileEncoding = 4; lastKnownFileType = sourcecode.c.objc; path = ContactViewController.m; sourceTree = "<group>"; };
		1033BBBF1B5C73200021BC92 /* ThaiSansNeue-Black.ttf */ = {isa = PBXFileReference; lastKnownFileType = file; path = "ThaiSansNeue-Black.ttf"; sourceTree = "<group>"; };
		1033BBC01B5C73200021BC92 /* ThaiSansNeue-SemiBoldItalic.ttf */ = {isa = PBXFileReference; lastKnownFileType = file; path = "ThaiSansNeue-SemiBoldItalic.ttf"; sourceTree = "<group>"; };
		1033BBC11B5C73200021BC92 /* ThaiSansNeue-SemiBold.ttf */ = {isa = PBXFileReference; lastKnownFileType = file; path = "ThaiSansNeue-SemiBold.ttf"; sourceTree = "<group>"; };
		1033BBC21B5C73200021BC92 /* ThaiSansNeue-UltraBoldItali.ttf */ = {isa = PBXFileReference; lastKnownFileType = file; path = "ThaiSansNeue-UltraBoldItali.ttf"; sourceTree = "<group>"; };
		1033BBC31B5C73200021BC92 /* ThaiSansNeue-UltraBold.ttf */ = {isa = PBXFileReference; lastKnownFileType = file; path = "ThaiSansNeue-UltraBold.ttf"; sourceTree = "<group>"; };
		1033BBC41B5C73200021BC92 /* ThaiSansNeue-ExtraBoldItali.ttf */ = {isa = PBXFileReference; lastKnownFileType = file; path = "ThaiSansNeue-ExtraBoldItali.ttf"; sourceTree = "<group>"; };
		1033BBC51B5C73200021BC92 /* ThaiSansNeue-ExtraBold.ttf */ = {isa = PBXFileReference; lastKnownFileType = file; path = "ThaiSansNeue-ExtraBold.ttf"; sourceTree = "<group>"; };
		1033BBC61B5C73200021BC92 /* ThaiSansNeue-BoldItalic.ttf */ = {isa = PBXFileReference; lastKnownFileType = file; path = "ThaiSansNeue-BoldItalic.ttf"; sourceTree = "<group>"; };
		1033BBC71B5C73200021BC92 /* ThaiSansNeue-Bold.ttf */ = {isa = PBXFileReference; lastKnownFileType = file; path = "ThaiSansNeue-Bold.ttf"; sourceTree = "<group>"; };
		1033BBC81B5C73200021BC92 /* ThaiSansNeue-BlackItalic.ttf */ = {isa = PBXFileReference; lastKnownFileType = file; path = "ThaiSansNeue-BlackItalic.ttf"; sourceTree = "<group>"; };
		1033BBC91B5C73200021BC92 /* ThaiSansNeue-UltraLightItal.ttf */ = {isa = PBXFileReference; lastKnownFileType = file; path = "ThaiSansNeue-UltraLightItal.ttf"; sourceTree = "<group>"; };
		1033BBCA1B5C73200021BC92 /* ThaiSansNeue-UltraLight.ttf */ = {isa = PBXFileReference; lastKnownFileType = file; path = "ThaiSansNeue-UltraLight.ttf"; sourceTree = "<group>"; };
		1033BBCB1B5C73200021BC92 /* ThaiSansNeue-ExtraLightItal.ttf */ = {isa = PBXFileReference; lastKnownFileType = file; path = "ThaiSansNeue-ExtraLightItal.ttf"; sourceTree = "<group>"; };
		1033BBCC1B5C73200021BC92 /* ThaiSansNeue-ExtraLight.ttf */ = {isa = PBXFileReference; lastKnownFileType = file; path = "ThaiSansNeue-ExtraLight.ttf"; sourceTree = "<group>"; };
		1033BBCD1B5C73200021BC92 /* ThaiSansNeue-LightItalic.ttf */ = {isa = PBXFileReference; lastKnownFileType = file; path = "ThaiSansNeue-LightItalic.ttf"; sourceTree = "<group>"; };
		1033BBCE1B5C73200021BC92 /* ThaiSansNeue-Italic.ttf */ = {isa = PBXFileReference; lastKnownFileType = file; path = "ThaiSansNeue-Italic.ttf"; sourceTree = "<group>"; };
		1033BBCF1B5C73200021BC92 /* ThaiSansNeue-Light.ttf */ = {isa = PBXFileReference; lastKnownFileType = file; path = "ThaiSansNeue-Light.ttf"; sourceTree = "<group>"; };
		1033BBD01B5C73200021BC92 /* ThaiSansNeue-Regular.ttf */ = {isa = PBXFileReference; lastKnownFileType = file; path = "ThaiSansNeue-Regular.ttf"; sourceTree = "<group>"; };
		10403C781BA56FAF00D97276 /* NewsDetailsViewController.h */ = {isa = PBXFileReference; fileEncoding = 4; lastKnownFileType = sourcecode.c.h; name = NewsDetailsViewController.h; path = FarEasternU/ViewController/NewsDetailsViewController.h; sourceTree = SOURCE_ROOT; };
		10403C791BA56FAF00D97276 /* NewsDetailsViewController.m */ = {isa = PBXFileReference; fileEncoding = 4; lastKnownFileType = sourcecode.c.objc; name = NewsDetailsViewController.m; path = FarEasternU/ViewController/NewsDetailsViewController.m; sourceTree = SOURCE_ROOT; };
		106921BB1BA1D2EF0065585E /* CalendarViewController.h */ = {isa = PBXFileReference; fileEncoding = 4; lastKnownFileType = sourcecode.c.h; path = CalendarViewController.h; sourceTree = "<group>"; };
		106921BC1BA1D2EF0065585E /* CalendarViewController.m */ = {isa = PBXFileReference; fileEncoding = 4; lastKnownFileType = sourcecode.c.objc; path = CalendarViewController.m; sourceTree = "<group>"; };
		106921BE1BA1D3580065585E /* CalendarTableViewCell.h */ = {isa = PBXFileReference; fileEncoding = 4; lastKnownFileType = sourcecode.c.h; path = CalendarTableViewCell.h; sourceTree = "<group>"; };
		106921BF1BA1D3580065585E /* CalendarTableViewCell.m */ = {isa = PBXFileReference; fileEncoding = 4; lastKnownFileType = sourcecode.c.objc; path = CalendarTableViewCell.m; sourceTree = "<group>"; };
		1076C90F1B7B94AE000F7ACF /* StepOneViewController.h */ = {isa = PBXFileReference; fileEncoding = 4; lastKnownFileType = sourcecode.c.h; path = StepOneViewController.h; sourceTree = "<group>"; };
		1076C9101B7B94AE000F7ACF /* StepOneViewController.m */ = {isa = PBXFileReference; fileEncoding = 4; lastKnownFileType = sourcecode.c.objc; path = StepOneViewController.m; sourceTree = "<group>"; };
		1076C9121B7B9692000F7ACF /* StepTwoViewController.h */ = {isa = PBXFileReference; fileEncoding = 4; lastKnownFileType = sourcecode.c.h; path = StepTwoViewController.h; sourceTree = "<group>"; };
		1076C9131B7B9692000F7ACF /* StepTwoViewController.m */ = {isa = PBXFileReference; fileEncoding = 4; lastKnownFileType = sourcecode.c.objc; path = StepTwoViewController.m; sourceTree = "<group>"; };
		1076C9151B7B969F000F7ACF /* StepThreeViewController.h */ = {isa = PBXFileReference; fileEncoding = 4; lastKnownFileType = sourcecode.c.h; path = StepThreeViewController.h; sourceTree = "<group>"; };
		1076C9161B7B969F000F7ACF /* StepThreeViewController.m */ = {isa = PBXFileReference; fileEncoding = 4; lastKnownFileType = sourcecode.c.objc; path = StepThreeViewController.m; sourceTree = "<group>"; };
		1076C9181B7B96AC000F7ACF /* StepFourViewController.h */ = {isa = PBXFileReference; fileEncoding = 4; lastKnownFileType = sourcecode.c.h; path = StepFourViewController.h; sourceTree = "<group>"; };
		1076C9191B7B96AC000F7ACF /* StepFourViewController.m */ = {isa = PBXFileReference; fileEncoding = 4; lastKnownFileType = sourcecode.c.objc; path = StepFourViewController.m; sourceTree = "<group>"; };
		1076C91B1B7B96CB000F7ACF /* StepFiveViewController.h */ = {isa = PBXFileReference; fileEncoding = 4; lastKnownFileType = sourcecode.c.h; path = StepFiveViewController.h; sourceTree = "<group>"; };
		1076C91C1B7B96CB000F7ACF /* StepFiveViewController.m */ = {isa = PBXFileReference; fileEncoding = 4; lastKnownFileType = sourcecode.c.objc; path = StepFiveViewController.m; sourceTree = "<group>"; };
		1076C91E1B7B96D7000F7ACF /* StepSixViewController.h */ = {isa = PBXFileReference; fileEncoding = 4; lastKnownFileType = sourcecode.c.h; path = StepSixViewController.h; sourceTree = "<group>"; };
		1076C91F1B7B96D7000F7ACF /* StepSixViewController.m */ = {isa = PBXFileReference; fileEncoding = 4; lastKnownFileType = sourcecode.c.objc; path = StepSixViewController.m; sourceTree = "<group>"; };
		1076C9211B7B96E6000F7ACF /* StepSevenViewController.h */ = {isa = PBXFileReference; fileEncoding = 4; lastKnownFileType = sourcecode.c.h; path = StepSevenViewController.h; sourceTree = "<group>"; };
		1076C9221B7B96E6000F7ACF /* StepSevenViewController.m */ = {isa = PBXFileReference; fileEncoding = 4; lastKnownFileType = sourcecode.c.objc; path = StepSevenViewController.m; sourceTree = "<group>"; };
		1076C9241B7BB1A4000F7ACF /* StepApplyViewController.h */ = {isa = PBXFileReference; fileEncoding = 4; lastKnownFileType = sourcecode.c.h; path = StepApplyViewController.h; sourceTree = "<group>"; };
		1076C9251B7BB1A4000F7ACF /* StepApplyViewController.m */ = {isa = PBXFileReference; fileEncoding = 4; lastKnownFileType = sourcecode.c.objc; path = StepApplyViewController.m; sourceTree = "<group>"; };
		1087B9811BA4417800367652 /* NewsOneViewController.h */ = {isa = PBXFileReference; fileEncoding = 4; lastKnownFileType = sourcecode.c.h; path = NewsOneViewController.h; sourceTree = "<group>"; };
		1087B9821BA4417800367652 /* NewsOneViewController.m */ = {isa = PBXFileReference; fileEncoding = 4; lastKnownFileType = sourcecode.c.objc; path = NewsOneViewController.m; sourceTree = "<group>"; };
		1087B9841BA4418500367652 /* NewsTwoViewController.h */ = {isa = PBXFileReference; fileEncoding = 4; lastKnownFileType = sourcecode.c.h; path = NewsTwoViewController.h; sourceTree = "<group>"; };
		1087B9851BA4418500367652 /* NewsTwoViewController.m */ = {isa = PBXFileReference; fileEncoding = 4; lastKnownFileType = sourcecode.c.objc; path = NewsTwoViewController.m; sourceTree = "<group>"; };
		1087B9871BA4419400367652 /* NewsThreeViewController.h */ = {isa = PBXFileReference; fileEncoding = 4; lastKnownFileType = sourcecode.c.h; path = NewsThreeViewController.h; sourceTree = "<group>"; };
		1087B9881BA4419400367652 /* NewsThreeViewController.m */ = {isa = PBXFileReference; fileEncoding = 4; lastKnownFileType = sourcecode.c.objc; path = NewsThreeViewController.m; sourceTree = "<group>"; };
		109139631B72BB5F00269DAD /* FarEasternU-Prefix.pch */ = {isa = PBXFileReference; lastKnownFileType = sourcecode.c.h; path = "FarEasternU-Prefix.pch"; sourceTree = "<group>"; };
		109139661B72CEB700269DAD /* ALCustomColoredAccessory.h */ = {isa = PBXFileReference; fileEncoding = 4; lastKnownFileType = sourcecode.c.h; path = ALCustomColoredAccessory.h; sourceTree = "<group>"; };
		109139671B72CEB700269DAD /* ALCustomColoredAccessory.m */ = {isa = PBXFileReference; fileEncoding = 4; lastKnownFileType = sourcecode.c.objc; path = ALCustomColoredAccessory.m; sourceTree = "<group>"; };
		109139691B72E02200269DAD /* CourseDetailViewController.h */ = {isa = PBXFileReference; fileEncoding = 4; lastKnownFileType = sourcecode.c.h; path = CourseDetailViewController.h; sourceTree = "<group>"; };
		1091396A1B72E02200269DAD /* CourseDetailViewController.m */ = {isa = PBXFileReference; fileEncoding = 4; lastKnownFileType = sourcecode.c.objc; path = CourseDetailViewController.m; sourceTree = "<group>"; };
		1091396C1B72E3F400269DAD /* CourseMajorDetailViewController.h */ = {isa = PBXFileReference; fileEncoding = 4; lastKnownFileType = sourcecode.c.h; path = CourseMajorDetailViewController.h; sourceTree = "<group>"; };
		1091396D1B72E3F400269DAD /* CourseMajorDetailViewController.m */ = {isa = PBXFileReference; fileEncoding = 4; lastKnownFileType = sourcecode.c.objc; path = CourseMajorDetailViewController.m; sourceTree = "<group>"; };
		10A53DBB1B94AD7D00F88DB5 /* NewsEventTableViewCell.h */ = {isa = PBXFileReference; fileEncoding = 4; lastKnownFileType = sourcecode.c.h; path = NewsEventTableViewCell.h; sourceTree = "<group>"; };
		10A53DBC1B94AD7D00F88DB5 /* NewsEventTableViewCell.m */ = {isa = PBXFileReference; fileEncoding = 4; lastKnownFileType = sourcecode.c.objc; path = NewsEventTableViewCell.m; sourceTree = "<group>"; };
		10B936931BBEEE29001F3B14 /* Fabric.framework */ = {isa = PBXFileReference; lastKnownFileType = wrapper.framework; path = Fabric.framework; sourceTree = "<group>"; };
		10B936941BBEEE29001F3B14 /* Crashlytics.framework */ = {isa = PBXFileReference; lastKnownFileType = wrapper.framework; path = Crashlytics.framework; sourceTree = "<group>"; };
		10D43F1A1BBE047800FB826C /* contact.html */ = {isa = PBXFileReference; fileEncoding = 4; lastKnownFileType = text.html; path = contact.html; sourceTree = "<group>"; };
		10F542D61B7965BD0044508C /* nitate.jpg */ = {isa = PBXFileReference; lastKnownFileType = image.jpeg; path = nitate.jpg; sourceTree = "<group>"; };
		10F542E61B7965E30044508C /* accounting.jpg */ = {isa = PBXFileReference; lastKnownFileType = image.jpeg; path = accounting.jpg; sourceTree = "<group>"; };
		10F542E71B7965E30044508C /* computer.jpg */ = {isa = PBXFileReference; lastKnownFileType = image.jpeg; path = computer.jpg; sourceTree = "<group>"; };
		10F542E81B7965E30044508C /* coop.jpg */ = {isa = PBXFileReference; lastKnownFileType = image.jpeg; path = coop.jpg; sourceTree = "<group>"; };
		10F542E91B7965E30044508C /* im.jpg */ = {isa = PBXFileReference; lastKnownFileType = image.jpeg; path = im.jpg; sourceTree = "<group>"; };
		10F542EA1B7965E30044508C /* management.jpg */ = {isa = PBXFileReference; lastKnownFileType = image.jpeg; path = management.jpg; sourceTree = "<group>"; };
		10F542EB1B7965E30044508C /* marketing.jpg */ = {isa = PBXFileReference; lastKnownFileType = image.jpeg; path = marketing.jpg; sourceTree = "<group>"; };
		10F542EC1B7965E30044508C /* tourism.jpg */ = {isa = PBXFileReference; lastKnownFileType = image.jpeg; path = tourism.jpg; sourceTree = "<group>"; };
		10F542F41B7965EE0044508C /* rps.jpg */ = {isa = PBXFileReference; lastKnownFileType = image.jpeg; path = rps.jpg; sourceTree = "<group>"; };
		10F542F61B7966340044508C /* science.jpg */ = {isa = PBXFileReference; lastKnownFileType = image.jpeg; path = science.jpg; sourceTree = "<group>"; };
		10F542F81B79663C0044508C /* business_chineses.jpg */ = {isa = PBXFileReference; lastKnownFileType = image.jpeg; path = business_chineses.jpg; sourceTree = "<group>"; };
		10F542F91B79663C0044508C /* business_eng.jpg */ = {isa = PBXFileReference; lastKnownFileType = image.jpeg; path = business_eng.jpg; sourceTree = "<group>"; };
		10F542FA1B79663C0044508C /* business_japaneses.jpg */ = {isa = PBXFileReference; lastKnownFileType = image.jpeg; path = business_japaneses.jpg; sourceTree = "<group>"; };
		10F542FE1B7966420044508C /* ed.jpg */ = {isa = PBXFileReference; lastKnownFileType = image.jpeg; path = ed.jpg; sourceTree = "<group>"; };
		10F543001B79664F0044508C /* accounting.html */ = {isa = PBXFileReference; fileEncoding = 4; lastKnownFileType = text.html; path = accounting.html; sourceTree = "<group>"; };
		10F543021B796C810044508C /* ed.html */ = {isa = PBXFileReference; fileEncoding = 4; lastKnownFileType = text.html; path = ed.html; sourceTree = "<group>"; };
		10F543041B796C8E0044508C /* business_japaneses.html */ = {isa = PBXFileReference; fileEncoding = 4; lastKnownFileType = text.html; path = business_japaneses.html; sourceTree = "<group>"; };
		10F543051B796C8E0044508C /* business_chineses.html */ = {isa = PBXFileReference; fileEncoding = 4; lastKnownFileType = text.html; path = business_chineses.html; sourceTree = "<group>"; };
		10F543061B796C8E0044508C /* business_eng.html */ = {isa = PBXFileReference; fileEncoding = 4; lastKnownFileType = text.html; path = business_eng.html; sourceTree = "<group>"; };
		10F5430A1B796C9C0044508C /* geo.html */ = {isa = PBXFileReference; fileEncoding = 4; lastKnownFileType = text.html; path = geo.html; sourceTree = "<group>"; };
		10F5430B1B796C9C0044508C /* it.html */ = {isa = PBXFileReference; fileEncoding = 4; lastKnownFileType = text.html; path = it.html; sourceTree = "<group>"; };
		10F5430E1B796CAB0044508C /* rps.html */ = {isa = PBXFileReference; fileEncoding = 4; lastKnownFileType = text.html; path = rps.html; sourceTree = "<group>"; };
		10F543101B796CB60044508C /* nitate.html */ = {isa = PBXFileReference; fileEncoding = 4; lastKnownFileType = text.html; path = nitate.html; sourceTree = "<group>"; };
		10F543121B796CCF0044508C /* management.html */ = {isa = PBXFileReference; fileEncoding = 4; lastKnownFileType = text.html; path = management.html; sourceTree = "<group>"; };
		10F543131B796CCF0044508C /* im.html */ = {isa = PBXFileReference; fileEncoding = 4; lastKnownFileType = text.html; path = im.html; sourceTree = "<group>"; };
		10F543141B796CCF0044508C /* tourism.html */ = {isa = PBXFileReference; fileEncoding = 4; lastKnownFileType = text.html; path = tourism.html; sourceTree = "<group>"; };
		10F543151B796CCF0044508C /* coop.html */ = {isa = PBXFileReference; fileEncoding = 4; lastKnownFileType = text.html; path = coop.html; sourceTree = "<group>"; };
		10F543161B796CCF0044508C /* marketing.html */ = {isa = PBXFileReference; fileEncoding = 4; lastKnownFileType = text.html; path = marketing.html; sourceTree = "<group>"; };
		10F543171B796CCF0044508C /* computer.html */ = {isa = PBXFileReference; fileEncoding = 4; lastKnownFileType = text.html; path = computer.html; sourceTree = "<group>"; };
		10F5431E1B796CF10044508C /* course.plist */ = {isa = PBXFileReference; fileEncoding = 4; lastKnownFileType = text.plist.xml; path = course.plist; sourceTree = "<group>"; };
		4BA04E74BEB2A4E1EE5B6074 /* libPods.a */ = {isa = PBXFileReference; explicitFileType = archive.ar; includeInIndex = 0; path = libPods.a; sourceTree = BUILT_PRODUCTS_DIR; };
		88157D2B8DBF752525AF8736 /* Pods.release.xcconfig */ = {isa = PBXFileReference; includeInIndex = 1; lastKnownFileType = text.xcconfig; name = Pods.release.xcconfig; path = "Pods/Target Support Files/Pods/Pods.release.xcconfig"; sourceTree = "<group>"; };
		BC8B9121F5590339CB102FBA /* Pods.debug.xcconfig */ = {isa = PBXFileReference; includeInIndex = 1; lastKnownFileType = text.xcconfig; name = Pods.debug.xcconfig; path = "Pods/Target Support Files/Pods/Pods.debug.xcconfig"; sourceTree = "<group>"; };
/* End PBXFileReference section */

/* Begin PBXFrameworksBuildPhase section */
		1033BB7C1B5BA8470021BC92 /* Frameworks */ = {
			isa = PBXFrameworksBuildPhase;
			buildActionMask = 2147483647;
			files = (
				33A541B790E4438D4B474A73 /* libPods.a in Frameworks */,
				10B936961BBEEE29001F3B14 /* Crashlytics.framework in Frameworks */,
				10B936951BBEEE29001F3B14 /* Fabric.framework in Frameworks */,
			);
			runOnlyForDeploymentPostprocessing = 0;
		};
		1033BB981B5BA8480021BC92 /* Frameworks */ = {
			isa = PBXFrameworksBuildPhase;
			buildActionMask = 2147483647;
			files = (
			);
			runOnlyForDeploymentPostprocessing = 0;
		};
/* End PBXFrameworksBuildPhase section */

/* Begin PBXGroup section */
		1033BB761B5BA8470021BC92 = {
			isa = PBXGroup;
			children = (
				1033BB811B5BA8470021BC92 /* FarEasternU */,
				1033BB9E1B5BA8480021BC92 /* FarEasternUTests */,
				1033BB801B5BA8470021BC92 /* Products */,
				282E96EF075BB6691D92E254 /* Pods */,
				B18790D52808AF736C9D64E6 /* Frameworks */,
			);
			sourceTree = "<group>";
		};
		1033BB801B5BA8470021BC92 /* Products */ = {
			isa = PBXGroup;
			children = (
				1033BB7F1B5BA8470021BC92 /* FarEasternU.app */,
				1033BB9B1B5BA8480021BC92 /* FarEasternUTests.xctest */,
			);
			name = Products;
			sourceTree = "<group>";
		};
		1033BB811B5BA8470021BC92 /* FarEasternU */ = {
			isa = PBXGroup;
			children = (
				109139641B72CE8000269DAD /* Library */,
				1033BBAC1B5C70400021BC92 /* ViewController */,
				1033BBAB1B5BFC8A0021BC92 /* Resource */,
				1033BB861B5BA8470021BC92 /* AppDelegate.h */,
				1033BB871B5BA8470021BC92 /* AppDelegate.m */,
				1033BB891B5BA8470021BC92 /* MasterViewController.h */,
				1033BB8A1B5BA8470021BC92 /* MasterViewController.m */,
				1033BB8C1B5BA8470021BC92 /* DetailViewController.h */,
				1033BB8D1B5BA8480021BC92 /* DetailViewController.m */,
				1033BB8F1B5BA8480021BC92 /* Main.storyboard */,
				1033BB921B5BA8480021BC92 /* Images.xcassets */,
				1033BB941B5BA8480021BC92 /* LaunchScreen.xib */,
				1033BB821B5BA8470021BC92 /* Supporting Files */,
			);
			path = FarEasternU;
			sourceTree = "<group>";
		};
		1033BB821B5BA8470021BC92 /* Supporting Files */ = {
			isa = PBXGroup;
			children = (
				1033BB831B5BA8470021BC92 /* Info.plist */,
				1033BB841B5BA8470021BC92 /* main.m */,
				109139631B72BB5F00269DAD /* FarEasternU-Prefix.pch */,
			);
			name = "Supporting Files";
			sourceTree = "<group>";
		};
		1033BB9E1B5BA8480021BC92 /* FarEasternUTests */ = {
			isa = PBXGroup;
			children = (
				1033BBA11B5BA8480021BC92 /* FarEasternUTests.m */,
				1033BB9F1B5BA8480021BC92 /* Supporting Files */,
			);
			path = FarEasternUTests;
			sourceTree = "<group>";
		};
		1033BB9F1B5BA8480021BC92 /* Supporting Files */ = {
			isa = PBXGroup;
			children = (
				1033BBA01B5BA8480021BC92 /* Info.plist */,
			);
			name = "Supporting Files";
			sourceTree = "<group>";
		};
		1033BBAB1B5BFC8A0021BC92 /* Resource */ = {
			isa = PBXGroup;
			children = (
				10D43F1A1BBE047800FB826C /* contact.html */,
				10F542C91B7960C70044508C /* Courses */,
				1033BBBE1B5C72E50021BC92 /* Fonts */,
			);
			path = Resource;
			sourceTree = "<group>";
		};
		1033BBAC1B5C70400021BC92 /* ViewController */ = {
			isa = PBXGroup;
			children = (
				1087B9801BA440FF00367652 /* NewsDetailContorllers */,
				1076C90E1B7B946B000F7ACF /* ApplyDetailControllers */,
				1033BBAD1B5C70830021BC92 /* CorseViewController.h */,
				1033BBAE1B5C70830021BC92 /* CorseViewController.m */,
				1033BBB01B5C709D0021BC92 /* ApplyViewController.h */,
				1033BBB11B5C709D0021BC92 /* ApplyViewController.m */,
				1033BBB31B5C70A70021BC92 /* NewsViewController.h */,
				1033BBB41B5C70A70021BC92 /* NewsViewController.m */,
				1033BBB81B5C70C20021BC92 /* ActivityViewController.h */,
				1033BBB91B5C70C20021BC92 /* ActivityViewController.m */,
				1033BBBB1B5C70CC0021BC92 /* ContactViewController.h */,
				1033BBBC1B5C70CC0021BC92 /* ContactViewController.m */,
				109139691B72E02200269DAD /* CourseDetailViewController.h */,
				1091396A1B72E02200269DAD /* CourseDetailViewController.m */,
				1091396C1B72E3F400269DAD /* CourseMajorDetailViewController.h */,
				1091396D1B72E3F400269DAD /* CourseMajorDetailViewController.m */,
				10A53DBB1B94AD7D00F88DB5 /* NewsEventTableViewCell.h */,
				10A53DBC1B94AD7D00F88DB5 /* NewsEventTableViewCell.m */,
				106921BB1BA1D2EF0065585E /* CalendarViewController.h */,
				106921BC1BA1D2EF0065585E /* CalendarViewController.m */,
				106921BE1BA1D3580065585E /* CalendarTableViewCell.h */,
				106921BF1BA1D3580065585E /* CalendarTableViewCell.m */,
				1006D7671BB4DD8000D877F6 /* CalendarDetailViewController.h */,
				1006D7681BB4DD8000D877F6 /* CalendarDetailViewController.m */,
			);
			path = ViewController;
			sourceTree = "<group>";
		};
		1033BBBE1B5C72E50021BC92 /* Fonts */ = {
			isa = PBXGroup;
			children = (
				1033BBBF1B5C73200021BC92 /* ThaiSansNeue-Black.ttf */,
				1033BBC01B5C73200021BC92 /* ThaiSansNeue-SemiBoldItalic.ttf */,
				1033BBC11B5C73200021BC92 /* ThaiSansNeue-SemiBold.ttf */,
				1033BBC21B5C73200021BC92 /* ThaiSansNeue-UltraBoldItali.ttf */,
				1033BBC31B5C73200021BC92 /* ThaiSansNeue-UltraBold.ttf */,
				1033BBC41B5C73200021BC92 /* ThaiSansNeue-ExtraBoldItali.ttf */,
				1033BBC51B5C73200021BC92 /* ThaiSansNeue-ExtraBold.ttf */,
				1033BBC61B5C73200021BC92 /* ThaiSansNeue-BoldItalic.ttf */,
				1033BBC71B5C73200021BC92 /* ThaiSansNeue-Bold.ttf */,
				1033BBC81B5C73200021BC92 /* ThaiSansNeue-BlackItalic.ttf */,
				1033BBC91B5C73200021BC92 /* ThaiSansNeue-UltraLightItal.ttf */,
				1033BBCA1B5C73200021BC92 /* ThaiSansNeue-UltraLight.ttf */,
				1033BBCB1B5C73200021BC92 /* ThaiSansNeue-ExtraLightItal.ttf */,
				1033BBCC1B5C73200021BC92 /* ThaiSansNeue-ExtraLight.ttf */,
				1033BBCD1B5C73200021BC92 /* ThaiSansNeue-LightItalic.ttf */,
				1033BBCE1B5C73200021BC92 /* ThaiSansNeue-Italic.ttf */,
				1033BBCF1B5C73200021BC92 /* ThaiSansNeue-Light.ttf */,
				1033BBD01B5C73200021BC92 /* ThaiSansNeue-Regular.ttf */,
			);
			path = Fonts;
			sourceTree = "<group>";
		};
		1076C90E1B7B946B000F7ACF /* ApplyDetailControllers */ = {
			isa = PBXGroup;
			children = (
				1076C90F1B7B94AE000F7ACF /* StepOneViewController.h */,
				1076C9101B7B94AE000F7ACF /* StepOneViewController.m */,
				1076C9121B7B9692000F7ACF /* StepTwoViewController.h */,
				1076C9131B7B9692000F7ACF /* StepTwoViewController.m */,
				1076C9151B7B969F000F7ACF /* StepThreeViewController.h */,
				1076C9161B7B969F000F7ACF /* StepThreeViewController.m */,
				1076C9181B7B96AC000F7ACF /* StepFourViewController.h */,
				1076C9191B7B96AC000F7ACF /* StepFourViewController.m */,
				1076C91B1B7B96CB000F7ACF /* StepFiveViewController.h */,
				1076C91C1B7B96CB000F7ACF /* StepFiveViewController.m */,
				1076C91E1B7B96D7000F7ACF /* StepSixViewController.h */,
				1076C91F1B7B96D7000F7ACF /* StepSixViewController.m */,
				1076C9211B7B96E6000F7ACF /* StepSevenViewController.h */,
				1076C9221B7B96E6000F7ACF /* StepSevenViewController.m */,
				1076C9241B7BB1A4000F7ACF /* StepApplyViewController.h */,
				1076C9251B7BB1A4000F7ACF /* StepApplyViewController.m */,
			);
			path = ApplyDetailControllers;
			sourceTree = "<group>";
		};
		1087B9801BA440FF00367652 /* NewsDetailContorllers */ = {
			isa = PBXGroup;
			children = (
				1087B9811BA4417800367652 /* NewsOneViewController.h */,
				1087B9821BA4417800367652 /* NewsOneViewController.m */,
				1087B9841BA4418500367652 /* NewsTwoViewController.h */,
				1087B9851BA4418500367652 /* NewsTwoViewController.m */,
				1087B9871BA4419400367652 /* NewsThreeViewController.h */,
				1087B9881BA4419400367652 /* NewsThreeViewController.m */,
				10403C781BA56FAF00D97276 /* NewsDetailsViewController.h */,
				10403C791BA56FAF00D97276 /* NewsDetailsViewController.m */,
			);
			name = NewsDetailContorllers;
			path = NewsDetailControllers;
			sourceTree = "<group>";
		};
		109139641B72CE8000269DAD /* Library */ = {
			isa = PBXGroup;
			children = (
				109139651B72CE9700269DAD /* CollapseTableView */,
			);
			path = Library;
			sourceTree = "<group>";
		};
		109139651B72CE9700269DAD /* CollapseTableView */ = {
			isa = PBXGroup;
			children = (
				109139661B72CEB700269DAD /* ALCustomColoredAccessory.h */,
				109139671B72CEB700269DAD /* ALCustomColoredAccessory.m */,
			);
			path = CollapseTableView;
			sourceTree = "<group>";
		};
		10F542C91B7960C70044508C /* Courses */ = {
			isa = PBXGroup;
			children = (
				10F542D31B7964A20044508C /* ED */,
				10F542D21B7964530044508C /* ART */,
				10F542D11B7964460044508C /* SCIENCE */,
				10F542D01B7964390044508C /* RAW */,
				10F542CF1B7964200044508C /* NITATE */,
				10F542CE1B79640F0044508C /* BA */,
				10F5431E1B796CF10044508C /* course.plist */,
			);
			path = Courses;
			sourceTree = "<group>";
		};
		10F542CE1B79640F0044508C /* BA */ = {
			isa = PBXGroup;
			children = (
				10F543121B796CCF0044508C /* management.html */,
				10F543131B796CCF0044508C /* im.html */,
				10F543141B796CCF0044508C /* tourism.html */,
				10F543151B796CCF0044508C /* coop.html */,
				10F543161B796CCF0044508C /* marketing.html */,
				10F543171B796CCF0044508C /* computer.html */,
				10F543001B79664F0044508C /* accounting.html */,
				10F542E61B7965E30044508C /* accounting.jpg */,
				10F542E71B7965E30044508C /* computer.jpg */,
				10F542E81B7965E30044508C /* coop.jpg */,
				10F542E91B7965E30044508C /* im.jpg */,
				10F542EA1B7965E30044508C /* management.jpg */,
				10F542EB1B7965E30044508C /* marketing.jpg */,
				10F542EC1B7965E30044508C /* tourism.jpg */,
			);
			path = BA;
			sourceTree = "<group>";
		};
		10F542CF1B7964200044508C /* NITATE */ = {
			isa = PBXGroup;
			children = (
				10F543101B796CB60044508C /* nitate.html */,
				10F542D61B7965BD0044508C /* nitate.jpg */,
			);
			path = NITATE;
			sourceTree = "<group>";
		};
		10F542D01B7964390044508C /* RAW */ = {
			isa = PBXGroup;
			children = (
				10F5430E1B796CAB0044508C /* rps.html */,
				10F542F41B7965EE0044508C /* rps.jpg */,
			);
			path = RAW;
			sourceTree = "<group>";
		};
		10F542D11B7964460044508C /* SCIENCE */ = {
			isa = PBXGroup;
			children = (
				10F5430A1B796C9C0044508C /* geo.html */,
				10F5430B1B796C9C0044508C /* it.html */,
				10F542F61B7966340044508C /* science.jpg */,
			);
			path = SCIENCE;
			sourceTree = "<group>";
		};
		10F542D21B7964530044508C /* ART */ = {
			isa = PBXGroup;
			children = (
				10F543041B796C8E0044508C /* business_japaneses.html */,
				10F543051B796C8E0044508C /* business_chineses.html */,
				10F543061B796C8E0044508C /* business_eng.html */,
				10F542F81B79663C0044508C /* business_chineses.jpg */,
				10F542F91B79663C0044508C /* business_eng.jpg */,
				10F542FA1B79663C0044508C /* business_japaneses.jpg */,
			);
			path = ART;
			sourceTree = "<group>";
		};
		10F542D31B7964A20044508C /* ED */ = {
			isa = PBXGroup;
			children = (
				10F543021B796C810044508C /* ed.html */,
				10F542FE1B7966420044508C /* ed.jpg */,
			);
			path = ED;
			sourceTree = "<group>";
		};
		282E96EF075BB6691D92E254 /* Pods */ = {
			isa = PBXGroup;
			children = (
				BC8B9121F5590339CB102FBA /* Pods.debug.xcconfig */,
				88157D2B8DBF752525AF8736 /* Pods.release.xcconfig */,
			);
			name = Pods;
			sourceTree = "<group>";
		};
		B18790D52808AF736C9D64E6 /* Frameworks */ = {
			isa = PBXGroup;
			children = (
				10B936931BBEEE29001F3B14 /* Fabric.framework */,
				10B936941BBEEE29001F3B14 /* Crashlytics.framework */,
				4BA04E74BEB2A4E1EE5B6074 /* libPods.a */,
			);
			name = Frameworks;
			sourceTree = "<group>";
		};
/* End PBXGroup section */

/* Begin PBXNativeTarget section */
		1033BB7E1B5BA8470021BC92 /* FarEasternU */ = {
			isa = PBXNativeTarget;
			buildConfigurationList = 1033BBA51B5BA8480021BC92 /* Build configuration list for PBXNativeTarget "FarEasternU" */;
			buildPhases = (
				5E90B833843CAA6C7B5AA7CC /* Check Pods Manifest.lock */,
				1033BB7B1B5BA8470021BC92 /* Sources */,
				1033BB7C1B5BA8470021BC92 /* Frameworks */,
				1033BB7D1B5BA8470021BC92 /* Resources */,
				03BC0B0B7403EF29D93615F8 /* Copy Pods Resources */,
				10B936921BBEEDE9001F3B14 /* ShellScript */,
			);
			buildRules = (
			);
			dependencies = (
			);
			name = FarEasternU;
			productName = FarEasternU;
			productReference = 1033BB7F1B5BA8470021BC92 /* FarEasternU.app */;
			productType = "com.apple.product-type.application";
		};
		1033BB9A1B5BA8480021BC92 /* FarEasternUTests */ = {
			isa = PBXNativeTarget;
			buildConfigurationList = 1033BBA81B5BA8480021BC92 /* Build configuration list for PBXNativeTarget "FarEasternUTests" */;
			buildPhases = (
				1033BB971B5BA8480021BC92 /* Sources */,
				1033BB981B5BA8480021BC92 /* Frameworks */,
				1033BB991B5BA8480021BC92 /* Resources */,
			);
			buildRules = (
			);
			dependencies = (
				1033BB9D1B5BA8480021BC92 /* PBXTargetDependency */,
			);
			name = FarEasternUTests;
			productName = FarEasternUTests;
			productReference = 1033BB9B1B5BA8480021BC92 /* FarEasternUTests.xctest */;
			productType = "com.apple.product-type.bundle.unit-test";
		};
/* End PBXNativeTarget section */

/* Begin PBXProject section */
		1033BB771B5BA8470021BC92 /* Project object */ = {
			isa = PBXProject;
			attributes = {
				LastUpgradeCheck = 0630;
				ORGANIZATIONNAME = Q;
				TargetAttributes = {
					1033BB7E1B5BA8470021BC92 = {
						CreatedOnToolsVersion = 6.3.2;
					};
					1033BB9A1B5BA8480021BC92 = {
						CreatedOnToolsVersion = 6.3.2;
						TestTargetID = 1033BB7E1B5BA8470021BC92;
					};
				};
			};
			buildConfigurationList = 1033BB7A1B5BA8470021BC92 /* Build configuration list for PBXProject "FarEasternU" */;
			compatibilityVersion = "Xcode 3.2";
			developmentRegion = English;
			hasScannedForEncodings = 0;
			knownRegions = (
				en,
				Base,
			);
			mainGroup = 1033BB761B5BA8470021BC92;
			productRefGroup = 1033BB801B5BA8470021BC92 /* Products */;
			projectDirPath = "";
			projectRoot = "";
			targets = (
				1033BB7E1B5BA8470021BC92 /* FarEasternU */,
				1033BB9A1B5BA8480021BC92 /* FarEasternUTests */,
			);
		};
/* End PBXProject section */

/* Begin PBXResourcesBuildPhase section */
		1033BB7D1B5BA8470021BC92 /* Resources */ = {
			isa = PBXResourcesBuildPhase;
			buildActionMask = 2147483647;
			files = (
				10F542D71B7965BD0044508C /* nitate.jpg in Resources */,
				10F542FB1B79663C0044508C /* business_chineses.jpg in Resources */,
				10F5431F1B796CF10044508C /* course.plist in Resources */,
				10F543191B796CCF0044508C /* im.html in Resources */,
				1033BBD61B5C73200021BC92 /* ThaiSansNeue-ExtraBoldItali.ttf in Resources */,
				1033BBDA1B5C73200021BC92 /* ThaiSansNeue-BlackItalic.ttf in Resources */,
				1033BBD21B5C73200021BC92 /* ThaiSansNeue-SemiBoldItalic.ttf in Resources */,
				10F543011B79664F0044508C /* accounting.html in Resources */,
				10F5431C1B796CCF0044508C /* marketing.html in Resources */,
				10F543081B796C8E0044508C /* business_chineses.html in Resources */,
				1033BBD11B5C73200021BC92 /* ThaiSansNeue-Black.ttf in Resources */,
				1033BBD91B5C73200021BC92 /* ThaiSansNeue-Bold.ttf in Resources */,
				10F5430F1B796CAB0044508C /* rps.html in Resources */,
				10F543091B796C8E0044508C /* business_eng.html in Resources */,
				10F543181B796CCF0044508C /* management.html in Resources */,
				10F543031B796C810044508C /* ed.html in Resources */,
				10F542EF1B7965E30044508C /* coop.jpg in Resources */,
				1033BB911B5BA8480021BC92 /* Main.storyboard in Resources */,
				1033BBDD1B5C73200021BC92 /* ThaiSansNeue-ExtraLightItal.ttf in Resources */,
				10D43F1B1BBE047800FB826C /* contact.html in Resources */,
				10F543111B796CB60044508C /* nitate.html in Resources */,
				10F542FF1B7966420044508C /* ed.jpg in Resources */,
				10F5431A1B796CCF0044508C /* tourism.html in Resources */,
				10F543071B796C8E0044508C /* business_japaneses.html in Resources */,
				10F5430C1B796C9C0044508C /* geo.html in Resources */,
				10F5431D1B796CCF0044508C /* computer.html in Resources */,
				1033BBE11B5C73200021BC92 /* ThaiSansNeue-Light.ttf in Resources */,
				1033BBDE1B5C73200021BC92 /* ThaiSansNeue-ExtraLight.ttf in Resources */,
				10F542EE1B7965E30044508C /* computer.jpg in Resources */,
				1033BBDB1B5C73200021BC92 /* ThaiSansNeue-UltraLightItal.ttf in Resources */,
				10F542F01B7965E30044508C /* im.jpg in Resources */,
				10F542F21B7965E30044508C /* marketing.jpg in Resources */,
				10F542FD1B79663C0044508C /* business_japaneses.jpg in Resources */,
				1033BB961B5BA8480021BC92 /* LaunchScreen.xib in Resources */,
				10F542ED1B7965E30044508C /* accounting.jpg in Resources */,
				1033BBDC1B5C73200021BC92 /* ThaiSansNeue-UltraLight.ttf in Resources */,
				10F542F71B7966340044508C /* science.jpg in Resources */,
				1033BBD81B5C73200021BC92 /* ThaiSansNeue-BoldItalic.ttf in Resources */,
				1033BBD51B5C73200021BC92 /* ThaiSansNeue-UltraBold.ttf in Resources */,
				1033BBDF1B5C73200021BC92 /* ThaiSansNeue-LightItalic.ttf in Resources */,
				10F542F51B7965EE0044508C /* rps.jpg in Resources */,
				1033BBD71B5C73200021BC92 /* ThaiSansNeue-ExtraBold.ttf in Resources */,
				10F5430D1B796C9C0044508C /* it.html in Resources */,
				10F542F11B7965E30044508C /* management.jpg in Resources */,
				1033BB931B5BA8480021BC92 /* Images.xcassets in Resources */,
				1033BBE01B5C73200021BC92 /* ThaiSansNeue-Italic.ttf in Resources */,
				1033BBD41B5C73200021BC92 /* ThaiSansNeue-UltraBoldItali.ttf in Resources */,
				10F542F31B7965E30044508C /* tourism.jpg in Resources */,
				1033BBE21B5C73200021BC92 /* ThaiSansNeue-Regular.ttf in Resources */,
				10F5431B1B796CCF0044508C /* coop.html in Resources */,
				10F542FC1B79663C0044508C /* business_eng.jpg in Resources */,
				1033BBD31B5C73200021BC92 /* ThaiSansNeue-SemiBold.ttf in Resources */,
			);
			runOnlyForDeploymentPostprocessing = 0;
		};
		1033BB991B5BA8480021BC92 /* Resources */ = {
			isa = PBXResourcesBuildPhase;
			buildActionMask = 2147483647;
			files = (
			);
			runOnlyForDeploymentPostprocessing = 0;
		};
/* End PBXResourcesBuildPhase section */

/* Begin PBXShellScriptBuildPhase section */
		03BC0B0B7403EF29D93615F8 /* Copy Pods Resources */ = {
			isa = PBXShellScriptBuildPhase;
			buildActionMask = 2147483647;
			files = (
			);
			inputPaths = (
			);
			name = "Copy Pods Resources";
			outputPaths = (
			);
			runOnlyForDeploymentPostprocessing = 0;
			shellPath = /bin/sh;
			shellScript = "\"${SRCROOT}/Pods/Target Support Files/Pods/Pods-resources.sh\"\n";
			showEnvVarsInLog = 0;
		};
		10B936921BBEEDE9001F3B14 /* ShellScript */ = {
			isa = PBXShellScriptBuildPhase;
			buildActionMask = 2147483647;
			files = (
			);
			inputPaths = (
			);
			outputPaths = (
			);
			runOnlyForDeploymentPostprocessing = 0;
			shellPath = /bin/sh;
			shellScript = "./Fabric.framework/run 056c78cf20020e31b1ad0b1161eb01a88e17666b 49ead525f8cee48ed685d8fa3d45c92f6031d14088416d600d33fe3d675fe839";
		};
		5E90B833843CAA6C7B5AA7CC /* Check Pods Manifest.lock */ = {
			isa = PBXShellScriptBuildPhase;
			buildActionMask = 2147483647;
			files = (
			);
			inputPaths = (
			);
			name = "Check Pods Manifest.lock";
			outputPaths = (
			);
			runOnlyForDeploymentPostprocessing = 0;
			shellPath = /bin/sh;
			shellScript = "diff \"${PODS_ROOT}/../Podfile.lock\" \"${PODS_ROOT}/Manifest.lock\" > /dev/null\nif [[ $? != 0 ]] ; then\n    cat << EOM\nerror: The sandbox is not in sync with the Podfile.lock. Run 'pod install' or update your CocoaPods installation.\nEOM\n    exit 1\nfi\n";
			showEnvVarsInLog = 0;
		};
/* End PBXShellScriptBuildPhase section */

/* Begin PBXSourcesBuildPhase section */
		1033BB7B1B5BA8470021BC92 /* Sources */ = {
			isa = PBXSourcesBuildPhase;
			buildActionMask = 2147483647;
			files = (
				1087B9891BA4419400367652 /* NewsThreeViewController.m in Sources */,
				1033BB881B5BA8470021BC92 /* AppDelegate.m in Sources */,
				1076C9261B7BB1A4000F7ACF /* StepApplyViewController.m in Sources */,
				1091396B1B72E02200269DAD /* CourseDetailViewController.m in Sources */,
				10A53DBD1B94AD7D00F88DB5 /* NewsEventTableViewCell.m in Sources */,
				109139681B72CEB700269DAD /* ALCustomColoredAccessory.m in Sources */,
				1076C9201B7B96D7000F7ACF /* StepSixViewController.m in Sources */,
				1076C9231B7B96E6000F7ACF /* StepSevenViewController.m in Sources */,
				1033BBAF1B5C70830021BC92 /* CorseViewController.m in Sources */,
				1006D7691BB4DD8000D877F6 /* CalendarDetailViewController.m in Sources */,
				1087B9861BA4418500367652 /* NewsTwoViewController.m in Sources */,
				1087B9831BA4417800367652 /* NewsOneViewController.m in Sources */,
				1076C9111B7B94AE000F7ACF /* StepOneViewController.m in Sources */,
				1091396E1B72E3F400269DAD /* CourseMajorDetailViewController.m in Sources */,
				106921BD1BA1D2EF0065585E /* CalendarViewController.m in Sources */,
				1033BB8B1B5BA8470021BC92 /* MasterViewController.m in Sources */,
				1033BB851B5BA8470021BC92 /* main.m in Sources */,
				1033BBBD1B5C70CC0021BC92 /* ContactViewController.m in Sources */,
				1033BB8E1B5BA8480021BC92 /* DetailViewController.m in Sources */,
				1076C91A1B7B96AC000F7ACF /* StepFourViewController.m in Sources */,
				1033BBB21B5C709D0021BC92 /* ApplyViewController.m in Sources */,
				1033BBB51B5C70A70021BC92 /* NewsViewController.m in Sources */,
				1033BBBA1B5C70C20021BC92 /* ActivityViewController.m in Sources */,
				106921C01BA1D3580065585E /* CalendarTableViewCell.m in Sources */,
				1076C9141B7B9692000F7ACF /* StepTwoViewController.m in Sources */,
				1076C9171B7B969F000F7ACF /* StepThreeViewController.m in Sources */,
				10403C7A1BA56FAF00D97276 /* NewsDetailsViewController.m in Sources */,
				1076C91D1B7B96CB000F7ACF /* StepFiveViewController.m in Sources */,
			);
			runOnlyForDeploymentPostprocessing = 0;
		};
		1033BB971B5BA8480021BC92 /* Sources */ = {
			isa = PBXSourcesBuildPhase;
			buildActionMask = 2147483647;
			files = (
				1033BBA21B5BA8480021BC92 /* FarEasternUTests.m in Sources */,
			);
			runOnlyForDeploymentPostprocessing = 0;
		};
/* End PBXSourcesBuildPhase section */

/* Begin PBXTargetDependency section */
		1033BB9D1B5BA8480021BC92 /* PBXTargetDependency */ = {
			isa = PBXTargetDependency;
			target = 1033BB7E1B5BA8470021BC92 /* FarEasternU */;
			targetProxy = 1033BB9C1B5BA8480021BC92 /* PBXContainerItemProxy */;
		};
/* End PBXTargetDependency section */

/* Begin PBXVariantGroup section */
		1033BB8F1B5BA8480021BC92 /* Main.storyboard */ = {
			isa = PBXVariantGroup;
			children = (
				1033BB901B5BA8480021BC92 /* Base */,
			);
			name = Main.storyboard;
			sourceTree = "<group>";
		};
		1033BB941B5BA8480021BC92 /* LaunchScreen.xib */ = {
			isa = PBXVariantGroup;
			children = (
				1033BB951B5BA8480021BC92 /* Base */,
			);
			name = LaunchScreen.xib;
			sourceTree = "<group>";
		};
/* End PBXVariantGroup section */

/* Begin XCBuildConfiguration section */
		1033BBA31B5BA8480021BC92 /* Debug */ = {
			isa = XCBuildConfiguration;
			buildSettings = {
				ALWAYS_SEARCH_USER_PATHS = NO;
				CLANG_CXX_LANGUAGE_STANDARD = "gnu++0x";
				CLANG_CXX_LIBRARY = "libc++";
				CLANG_ENABLE_MODULES = YES;
				CLANG_ENABLE_OBJC_ARC = YES;
				CLANG_WARN_BOOL_CONVERSION = YES;
				CLANG_WARN_CONSTANT_CONVERSION = YES;
				CLANG_WARN_DIRECT_OBJC_ISA_USAGE = YES_ERROR;
				CLANG_WARN_EMPTY_BODY = YES;
				CLANG_WARN_ENUM_CONVERSION = YES;
				CLANG_WARN_INT_CONVERSION = YES;
				CLANG_WARN_OBJC_ROOT_CLASS = YES_ERROR;
				CLANG_WARN_UNREACHABLE_CODE = YES;
				CLANG_WARN__DUPLICATE_METHOD_MATCH = YES;
				"CODE_SIGN_IDENTITY[sdk=iphoneos*]" = "iPhone Developer";
				COPY_PHASE_STRIP = NO;
				DEBUG_INFORMATION_FORMAT = "dwarf-with-dsym";
				ENABLE_STRICT_OBJC_MSGSEND = YES;
				GCC_C_LANGUAGE_STANDARD = gnu99;
				GCC_DYNAMIC_NO_PIC = NO;
				GCC_NO_COMMON_BLOCKS = YES;
				GCC_OPTIMIZATION_LEVEL = 0;
				GCC_PREPROCESSOR_DEFINITIONS = (
					"DEBUG=1",
					"$(inherited)",
				);
				GCC_SYMBOLS_PRIVATE_EXTERN = NO;
				GCC_WARN_64_TO_32_BIT_CONVERSION = YES;
				GCC_WARN_ABOUT_RETURN_TYPE = YES_ERROR;
				GCC_WARN_UNDECLARED_SELECTOR = YES;
				GCC_WARN_UNINITIALIZED_AUTOS = YES_AGGRESSIVE;
				GCC_WARN_UNUSED_FUNCTION = YES;
				GCC_WARN_UNUSED_VARIABLE = YES;
				IPHONEOS_DEPLOYMENT_TARGET = 8.3;
				MTL_ENABLE_DEBUG_INFO = YES;
				ONLY_ACTIVE_ARCH = YES;
				OTHER_LDFLAGS = (
					"$(OTHER_LDFLAGS)",
					"-ObjC",
				);
				SDKROOT = iphoneos;
				TARGETED_DEVICE_FAMILY = "1,2";
			};
			name = Debug;
		};
		1033BBA41B5BA8480021BC92 /* Release */ = {
			isa = XCBuildConfiguration;
			buildSettings = {
				ALWAYS_SEARCH_USER_PATHS = NO;
				CLANG_CXX_LANGUAGE_STANDARD = "gnu++0x";
				CLANG_CXX_LIBRARY = "libc++";
				CLANG_ENABLE_MODULES = YES;
				CLANG_ENABLE_OBJC_ARC = YES;
				CLANG_WARN_BOOL_CONVERSION = YES;
				CLANG_WARN_CONSTANT_CONVERSION = YES;
				CLANG_WARN_DIRECT_OBJC_ISA_USAGE = YES_ERROR;
				CLANG_WARN_EMPTY_BODY = YES;
				CLANG_WARN_ENUM_CONVERSION = YES;
				CLANG_WARN_INT_CONVERSION = YES;
				CLANG_WARN_OBJC_ROOT_CLASS = YES_ERROR;
				CLANG_WARN_UNREACHABLE_CODE = YES;
				CLANG_WARN__DUPLICATE_METHOD_MATCH = YES;
				"CODE_SIGN_IDENTITY[sdk=iphoneos*]" = "iPhone Developer";
				COPY_PHASE_STRIP = NO;
				DEBUG_INFORMATION_FORMAT = "dwarf-with-dsym";
				ENABLE_NS_ASSERTIONS = NO;
				ENABLE_STRICT_OBJC_MSGSEND = YES;
				GCC_C_LANGUAGE_STANDARD = gnu99;
				GCC_NO_COMMON_BLOCKS = YES;
				GCC_WARN_64_TO_32_BIT_CONVERSION = YES;
				GCC_WARN_ABOUT_RETURN_TYPE = YES_ERROR;
				GCC_WARN_UNDECLARED_SELECTOR = YES;
				GCC_WARN_UNINITIALIZED_AUTOS = YES_AGGRESSIVE;
				GCC_WARN_UNUSED_FUNCTION = YES;
				GCC_WARN_UNUSED_VARIABLE = YES;
				IPHONEOS_DEPLOYMENT_TARGET = 8.3;
				MTL_ENABLE_DEBUG_INFO = NO;
				OTHER_LDFLAGS = (
					"$(OTHER_LDFLAGS)",
					"-ObjC",
				);
				SDKROOT = iphoneos;
				TARGETED_DEVICE_FAMILY = "1,2";
				VALIDATE_PRODUCT = YES;
			};
			name = Release;
		};
		1033BBA61B5BA8480021BC92 /* Debug */ = {
			isa = XCBuildConfiguration;
			baseConfigurationReference = BC8B9121F5590339CB102FBA /* Pods.debug.xcconfig */;
			buildSettings = {
				ASSETCATALOG_COMPILER_APPICON_NAME = AppIcon;
				CODE_SIGN_IDENTITY = "iPhone Developer: Thanaporn Doungkamchan (AA292B4375)";
				"CODE_SIGN_IDENTITY[sdk=iphoneos*]" = "iPhone Developer: Thanaporn Doungkamchan (AA292B4375)";
				FRAMEWORK_SEARCH_PATHS = (
					"$(inherited)",
					"$(PROJECT_DIR)",
				);
				GCC_NO_COMMON_BLOCKS = YES;
				GCC_PREFIX_HEADER = "FarEasternU/FarEasternU-Prefix.pch";
				INFOPLIST_FILE = FarEasternU/Info.plist;
				LD_RUNPATH_SEARCH_PATHS = "$(inherited) @executable_path/Frameworks";
				OTHER_LDFLAGS = (
					"$(inherited)",
					"-ObjC",
					"-Wl,-U,_JSContextGetGlobalObject",
					"-Wl,-U,_JSEvaluateScript",
					"-Wl,-U,_JSGlobalContextCreate",
					"-Wl,-U,_JSGlobalContextRelease",
					"-Wl,-U,_JSObjectCallAsFunction",
					"-Wl,-U,_JSObjectIsFunction",
					"-Wl,-U,_JSObjectMake",
					"-Wl,-U,_JSObjectSetProperty",
					"-Wl,-U,_JSStringCopyCFString",
					"-Wl,-U,_JSStringCreateWithCFString",
					"-Wl,-U,_JSStringRelease",
					"-Wl,-U,_JSValueIsObject",
					"-Wl,-U,_JSValueIsString",
					"-Wl,-U,_JSValueMakeString",
					"-Wl,-U,_JSValueToStringCopy",
					"-l\"Pods-AFNetworking\"",
					"-l\"Pods-Bolts\"",
					"-l\"Pods-GUITabPagerViewController\"",
					"-l\"Pods-JTCalendar\"",
					"-l\"Pods-KVNProgress\"",
					"-l\"Pods-MBCalendarKit\"",
					"-l\"Pods-Parse\"",
					"-l\"Pods-RDImageViewerController\"",
					"-l\"Pods-SDWebImage\"",
					"-l\"Pods-XCDYouTubeKit\"",
					"-l\"sqlite3\"",
					"-l\"z\"",
					"-framework",
					"\"AudioToolbox\"",
					"-framework",
					"\"CFNetwork\"",
					"-framework",
					"\"CoreGraphics\"",
					"-framework",
					"\"CoreLocation\"",
					"-framework",
					"\"GLKit\"",
					"-framework",
					"\"ImageIO\"",
					"-framework",
					"\"MediaPlayer\"",
					"-framework",
					"\"MobileCoreServices\"",
					"-framework",
					"\"QuartzCore\"",
					"-framework",
					"\"Security\"",
					"-framework",
					"\"StoreKit\"",
					"-framework",
					"\"SystemConfiguration\"",
					"-weak_framework",
					"\"Accounts\"",
					"-weak_framework",
					"\"Social\"",
				);
				PRODUCT_NAME = "$(TARGET_NAME)";
				PROVISIONING_PROFILE = "c6f81c3c-b425-4127-a283-1e1164d8e04f";
				TARGETED_DEVICE_FAMILY = 1;
			};
			name = Debug;
		};
		1033BBA71B5BA8480021BC92 /* Release */ = {
			isa = XCBuildConfiguration;
			baseConfigurationReference = 88157D2B8DBF752525AF8736 /* Pods.release.xcconfig */;
			buildSettings = {
				ASSETCATALOG_COMPILER_APPICON_NAME = AppIcon;
				CODE_SIGN_IDENTITY = "iPhone Developer: Thanaporn Doungkamchan (AA292B4375)";
				"CODE_SIGN_IDENTITY[sdk=iphoneos*]" = "iPhone Developer: Thanaporn Doungkamchan (AA292B4375)";
				FRAMEWORK_SEARCH_PATHS = (
					"$(inherited)",
					"$(PROJECT_DIR)",
				);
				GCC_NO_COMMON_BLOCKS = YES;
				GCC_PREFIX_HEADER = "FarEasternU/FarEasternU-Prefix.pch";
				INFOPLIST_FILE = FarEasternU/Info.plist;
				LD_RUNPATH_SEARCH_PATHS = "$(inherited) @executable_path/Frameworks";
				OTHER_LDFLAGS = (
					"$(inherited)",
					"-ObjC",
					"-Wl,-U,_JSContextGetGlobalObject",
					"-Wl,-U,_JSEvaluateScript",
					"-Wl,-U,_JSGlobalContextCreate",
					"-Wl,-U,_JSGlobalContextRelease",
					"-Wl,-U,_JSObjectCallAsFunction",
					"-Wl,-U,_JSObjectIsFunction",
					"-Wl,-U,_JSObjectMake",
					"-Wl,-U,_JSObjectSetProperty",
					"-Wl,-U,_JSStringCopyCFString",
					"-Wl,-U,_JSStringCreateWithCFString",
					"-Wl,-U,_JSStringRelease",
					"-Wl,-U,_JSValueIsObject",
					"-Wl,-U,_JSValueIsString",
					"-Wl,-U,_JSValueMakeString",
					"-Wl,-U,_JSValueToStringCopy",
					"-l\"Pods-AFNetworking\"",
					"-l\"Pods-Bolts\"",
					"-l\"Pods-GUITabPagerViewController\"",
					"-l\"Pods-JTCalendar\"",
					"-l\"Pods-KVNProgress\"",
					"-l\"Pods-MBCalendarKit\"",
					"-l\"Pods-Parse\"",
					"-l\"Pods-RDImageViewerController\"",
					"-l\"Pods-SDWebImage\"",
					"-l\"Pods-XCDYouTubeKit\"",
					"-l\"sqlite3\"",
					"-l\"z\"",
					"-framework",
					"\"AudioToolbox\"",
					"-framework",
					"\"CFNetwork\"",
					"-framework",
					"\"CoreGraphics\"",
					"-framework",
					"\"CoreLocation\"",
					"-framework",
					"\"GLKit\"",
					"-framework",
					"\"ImageIO\"",
					"-framework",
					"\"MediaPlayer\"",
					"-framework",
					"\"MobileCoreServices\"",
					"-framework",
					"\"QuartzCore\"",
					"-framework",
					"\"Security\"",
					"-framework",
					"\"StoreKit\"",
					"-framework",
					"\"SystemConfiguration\"",
					"-weak_framework",
					"\"Accounts\"",
					"-weak_framework",
					"\"Social\"",
				);
				PRODUCT_NAME = "$(TARGET_NAME)";
				PROVISIONING_PROFILE = "c6f81c3c-b425-4127-a283-1e1164d8e04f";
				TARGETED_DEVICE_FAMILY = 1;
			};
			name = Release;
		};
		1033BBA91B5BA8480021BC92 /* Debug */ = {
			isa = XCBuildConfiguration;
			buildSettings = {
				BUNDLE_LOADER = "$(TEST_HOST)";
				FRAMEWORK_SEARCH_PATHS = (
					"$(SDKROOT)/Developer/Library/Frameworks",
					"$(inherited)",
				);
				GCC_PREPROCESSOR_DEFINITIONS = (
					"DEBUG=1",
					"$(inherited)",
				);
				INFOPLIST_FILE = FarEasternUTests/Info.plist;
				LD_RUNPATH_SEARCH_PATHS = "$(inherited) @executable_path/Frameworks @loader_path/Frameworks";
				PRODUCT_NAME = "$(TARGET_NAME)";
				TEST_HOST = "$(BUILT_PRODUCTS_DIR)/FarEasternU.app/FarEasternU";
			};
			name = Debug;
		};
		1033BBAA1B5BA8480021BC92 /* Release */ = {
			isa = XCBuildConfiguration;
			buildSettings = {
				BUNDLE_LOADER = "$(TEST_HOST)";
				FRAMEWORK_SEARCH_PATHS = (
					"$(SDKROOT)/Developer/Library/Frameworks",
					"$(inherited)",
				);
				INFOPLIST_FILE = FarEasternUTests/Info.plist;
				LD_RUNPATH_SEARCH_PATHS = "$(inherited) @executable_path/Frameworks @loader_path/Frameworks";
				PRODUCT_NAME = "$(TARGET_NAME)";
				TEST_HOST = "$(BUILT_PRODUCTS_DIR)/FarEasternU.app/FarEasternU";
			};
			name = Release;
		};
/* End XCBuildConfiguration section */

/* Begin XCConfigurationList section */
		1033BB7A1B5BA8470021BC92 /* Build configuration list for PBXProject "FarEasternU" */ = {
			isa = XCConfigurationList;
			buildConfigurations = (
				1033BBA31B5BA8480021BC92 /* Debug */,
				1033BBA41B5BA8480021BC92 /* Release */,
			);
			defaultConfigurationIsVisible = 0;
			defaultConfigurationName = Release;
		};
		1033BBA51B5BA8480021BC92 /* Build configuration list for PBXNativeTarget "FarEasternU" */ = {
			isa = XCConfigurationList;
			buildConfigurations = (
				1033BBA61B5BA8480021BC92 /* Debug */,
				1033BBA71B5BA8480021BC92 /* Release */,
			);
			defaultConfigurationIsVisible = 0;
			defaultConfigurationName = Release;
		};
		1033BBA81B5BA8480021BC92 /* Build configuration list for PBXNativeTarget "FarEasternUTests" */ = {
			isa = XCConfigurationList;
			buildConfigurations = (
				1033BBA91B5BA8480021BC92 /* Debug */,
				1033BBAA1B5BA8480021BC92 /* Release */,
			);
			defaultConfigurationIsVisible = 0;
			defaultConfigurationName = Release;
		};
/* End XCConfigurationList section */
	};
	rootObject = 1033BB771B5BA8470021BC92 /* Project object */;
}
